
Microsoft Visual Studio Solution File, Format Version 12.00
# Visual Studio Version 16
VisualStudioVersion = 16.0.30907.101
MinimumVisualStudioVersion = 10.0.40219.1
Project("{9A19103F-16F7-4668-BE54-9A1E7A4F7556}") = "AutoContact", "AutoContact\AutoContact.csproj", "{AFDA20B8-3F37-46B9-A538-6728EC78CE99}"
EndProject
Global
	GlobalSection(SolutionConfigurationPlatforms) = preSolution
		Debug|Any CPU = Debug|Any CPU
		Release|Any CPU = Release|Any CPU
	EndGlobalSection
	GlobalSection(ProjectConfigurationPlatforms) = postSolution
		{AFDA20B8-3F37-46B9-A538-6728EC78CE99}.Debug|Any CPU.ActiveCfg = Debug|Any CPU
		{AFDA20B8-3F37-46B9-A538-6728EC78CE99}.Debug|Any CPU.Build.0 = Debug|Any CPU
		{AFDA20B8-3F37-46B9-A538-6728EC78CE99}.Release|Any CPU.ActiveCfg = Release|Any CPU
		{AFDA20B8-3F37-46B9-A538-6728EC78CE99}.Release|Any CPU.Build.0 = Release|Any CPU
	EndGlobalSection
	GlobalSection(SolutionProperties) = preSolution
		HideSolutionNode = FALSE
	EndGlobalSection
	GlobalSection(ExtensibilityGlobals) = postSolution
		SolutionGuid = {A456C3ED-8854-4D9E-946C-A4F788EE0A4C}
	EndGlobalSection
EndGlobal
